
Microsoft Visual Studio Solution File, Format Version 12.00
# Visual Studio Version 16
VisualStudioVersion = 16.0.31729.503
MinimumVisualStudioVersion = 10.0.40219.1
Project("{FAE04EC0-301F-11D3-BF4B-00C04F79EFBC}") = "LongDistanceService", "LongDistanceService\LongDistanceService.csproj", "{8F1B15F2-4DC4-4D33-9622-0439D347B59E}"
EndProject
Global
	GlobalSection(SolutionConfigurationPlatforms) = preSolution
		Debug|Any CPU = Debug|Any CPU
		Release|Any CPU = Release|Any CPU
	EndGlobalSection
	GlobalSection(ProjectConfigurationPlatforms) = postSolution
		{8F1B15F2-4DC4-4D33-9622-0439D347B59E}.Debug|Any CPU.ActiveCfg = Debug|Any CPU
		{8F1B15F2-4DC4-4D33-9622-0439D347B59E}.Debug|Any CPU.Build.0 = Debug|Any CPU
		{8F1B15F2-4DC4-4D33-9622-0439D347B59E}.Release|Any CPU.ActiveCfg = Release|Any CPU
		{8F1B15F2-4DC4-4D33-9622-0439D347B59E}.Release|Any CPU.Build.0 = Release|Any CPU
	EndGlobalSection
	GlobalSection(SolutionProperties) = preSolution
		HideSolutionNode = FALSE
	EndGlobalSection
	GlobalSection(ExtensibilityGlobals) = postSolution
		SolutionGuid = {3E334E1E-19A1-4E91-9093-1F623349E0F2}
	EndGlobalSection
EndGlobal
